
Microsoft Visual Studio Solution File, Format Version 12.00
# Visual Studio Version 17
VisualStudioVersion = 17.11.35222.181
MinimumVisualStudioVersion = 10.0.40219.1
Project("{2150E333-8FDC-42A3-9474-1A3956D46DE8}") = "Lab1", "Lab1", "{008586F2-2463-47E0-B0E7-A19036DD0408}"
EndProject
Project("{2150E333-8FDC-42A3-9474-1A3956D46DE8}") = "Lab2", "Lab2", "{526C6A9B-F6A1-4DA2-BDB6-933A4F219F6B}"
EndProject
Project("{9A19103F-16F7-4668-BE54-9A1E7A4F7556}") = "Lab2_FetchDataHttpClient", "Lab1_FetchDataHttpClient\Lab2_FetchDataHttpClient.csproj", "{8A865329-6DBE-4B9D-99B3-4F8CF7A71E65}"
EndProject
Project("{FAE04EC0-301F-11D3-BF4B-00C04F79EFBC}") = "ClientApp", "ClientApp\ClientApp.csproj", "{FA13E53E-4F32-4853-991B-8E2590DC71DF}"
EndProject
Project("{FAE04EC0-301F-11D3-BF4B-00C04F79EFBC}") = "ServerApp", "ServerApp\ServerApp.csproj", "{F2E6549E-67EA-45BA-A4D5-EA779AC7A558}"
EndProject
Global
	GlobalSection(SolutionConfigurationPlatforms) = preSolution
		Debug|Any CPU = Debug|Any CPU
		Release|Any CPU = Release|Any CPU
	EndGlobalSection
	GlobalSection(ProjectConfigurationPlatforms) = postSolution
		{8A865329-6DBE-4B9D-99B3-4F8CF7A71E65}.Debug|Any CPU.ActiveCfg = Debug|Any CPU
		{8A865329-6DBE-4B9D-99B3-4F8CF7A71E65}.Debug|Any CPU.Build.0 = Debug|Any CPU
		{8A865329-6DBE-4B9D-99B3-4F8CF7A71E65}.Release|Any CPU.ActiveCfg = Release|Any CPU
		{8A865329-6DBE-4B9D-99B3-4F8CF7A71E65}.Release|Any CPU.Build.0 = Release|Any CPU
		{FA13E53E-4F32-4853-991B-8E2590DC71DF}.Debug|Any CPU.ActiveCfg = Debug|Any CPU
		{FA13E53E-4F32-4853-991B-8E2590DC71DF}.Debug|Any CPU.Build.0 = Debug|Any CPU
		{FA13E53E-4F32-4853-991B-8E2590DC71DF}.Release|Any CPU.ActiveCfg = Release|Any CPU
		{FA13E53E-4F32-4853-991B-8E2590DC71DF}.Release|Any CPU.Build.0 = Release|Any CPU
		{F2E6549E-67EA-45BA-A4D5-EA779AC7A558}.Debug|Any CPU.ActiveCfg = Debug|Any CPU
		{F2E6549E-67EA-45BA-A4D5-EA779AC7A558}.Debug|Any CPU.Build.0 = Debug|Any CPU
		{F2E6549E-67EA-45BA-A4D5-EA779AC7A558}.Release|Any CPU.ActiveCfg = Release|Any CPU
		{F2E6549E-67EA-45BA-A4D5-EA779AC7A558}.Release|Any CPU.Build.0 = Release|Any CPU
	EndGlobalSection
	GlobalSection(SolutionProperties) = preSolution
		HideSolutionNode = FALSE
	EndGlobalSection
	GlobalSection(NestedProjects) = preSolution
		{8A865329-6DBE-4B9D-99B3-4F8CF7A71E65} = {526C6A9B-F6A1-4DA2-BDB6-933A4F219F6B}
		{FA13E53E-4F32-4853-991B-8E2590DC71DF} = {008586F2-2463-47E0-B0E7-A19036DD0408}
		{F2E6549E-67EA-45BA-A4D5-EA779AC7A558} = {008586F2-2463-47E0-B0E7-A19036DD0408}
	EndGlobalSection
	GlobalSection(ExtensibilityGlobals) = postSolution
		SolutionGuid = {8D60D9BF-6C77-4D3C-A807-4AA0A1AEF579}
	EndGlobalSection
EndGlobal
